[[tools.cocogitto]]
version = "6.5.0"
backend = "aqua:cocogitto/cocogitto"
"platforms.linux-arm64" = { checksum = "sha256:8f05394d82cfbba1e393cef4b822cddb6e903817478c29a03200815daed7d9f1", url = "https://github.com/cocogitto/cocogitto/releases/download/6.5.0/cocogitto-6.5.0-aarch64-unknown-linux-gnu.tar.gz"}
"platforms.linux-x64" = { checksum = "sha256:9de1086c8b6521a8a01abbd62c562d6d355990f542e3082b49ec4a597f925646", url = "https://github.com/cocogitto/cocogitto/releases/download/6.5.0/cocogitto-6.5.0-x86_64-unknown-linux-musl.tar.gz"}
"platforms.macos-arm64" = { checksum = "sha256:ddad1e62028e328db6e373232ff9166f21dfeadfe2c8784f327e88f46081fab4", url = "https://github.com/cocogitto/cocogitto/releases/download/6.5.0/cocogitto-6.5.0-x86_64-apple-darwin.tar.gz"}
"platforms.macos-x64" = { checksum = "sha256:ddad1e62028e328db6e373232ff9166f21dfeadfe2c8784f327e88f46081fab4", url = "https://github.com/cocogitto/cocogitto/releases/download/6.5.0/cocogitto-6.5.0-x86_64-apple-darwin.tar.gz"}
"platforms.windows-x64" = { checksum = "sha256:ee4570d25e31393b88518af570f54e97f89e07346d545809e0c7404e8d076245", url = "https://github.com/cocogitto/cocogitto/releases/download/6.5.0/cocogitto-6.5.0-x86_64-pc-windows-msvc.tar.gz"}

[[tools.go]]
version = "1.26.0"
backend = "core:go"
"platforms.linux-arm64" = { checksum = "sha256:bd03b743eb6eb4193ea3c3fd3956546bf0e3ca5b7076c8226334afe6b75704cd", url = "https://dl.google.com/go/go1.26.0.linux-arm64.tar.gz"}
"platforms.linux-x64" = { checksum = "sha256:aac1b08a0fb0c4e0a7c1555beb7b59180b05dfc5a3d62e40e9de90cd42f88235", url = "https://dl.google.com/go/go1.26.0.linux-amd64.tar.gz"}
"platforms.macos-arm64" = { checksum = "sha256:b1640525dfe68f066d56f200bef7bf4dce955a1a893bd061de6754c211431023", url = "https://dl.google.com/go/go1.26.0.darwin-arm64.tar.gz"}
"platforms.macos-x64" = { checksum = "sha256:1ca28b7703cbea05a65b2a1d92d6b308610ef92f8824578a0874f2e60c9d5a22", url = "https://dl.google.com/go/go1.26.0.darwin-amd64.tar.gz"}
"platforms.windows-x64" = { checksum = "sha256:9bbe0fc64236b2b51f6255c05c4232532b8ecc0e6d2e00950bd3021d8a4d07d4", url = "https://dl.google.com/go/go1.26.0.windows-amd64.zip"}

[[tools.golangci-lint]]
version = "2.8.0"
backend = "aqua:golangci/golangci-lint"
"platforms.linux-arm64" = { checksum = "sha256:2a58388db8af5ab9330791cea0ebdd4100723cd05ad7185d92febaaee272ec9a", url = "https://github.com/golangci/golangci-lint/releases/download/v2.8.0/golangci-lint-2.8.0-linux-arm64.tar.gz"}
"platforms.linux-x64" = { checksum = "sha256:7048bc6b25c9515ed092c83f9fa8709ca97937ead52d9ff317a143299ee97a50", url = "https://github.com/golangci/golangci-lint/releases/download/v2.8.0/golangci-lint-2.8.0-linux-amd64.tar.gz"}
"platforms.macos-arm64" = { checksum = "sha256:6f8979a83117e0607d4b85ff486382ef0404440bbf54f0e6f003ceab6ccf641e", url = "https://github.com/golangci/golangci-lint/releases/download/v2.8.0/golangci-lint-2.8.0-darwin-arm64.tar.gz"}
"platforms.macos-x64" = { checksum = "sha256:164c72806d0e31ab19da4f08fff748a3fdc57e241851279b666c945ed9b91830", url = "https://github.com/golangci/golangci-lint/releases/download/v2.8.0/golangci-lint-2.8.0-darwin-amd64.tar.gz"}
"platforms.windows-x64" = { checksum = "sha256:22428168a9406f79853bf9a198b66e88ded9faa57cf85e5d225361f457f33513", url = "https://github.com/golangci/golangci-lint/releases/download/v2.8.0/golangci-lint-2.8.0-windows-amd64.zip"}

[[tools.goreleaser]]
version = "2.13.3"
backend = "aqua:goreleaser/goreleaser"
"platforms.linux-arm64" = { checksum = "sha256:156656d0f874542d618568bd50afd3d33ced2e8aab2c60cc7c21e1b9fa52031e", url = "https://github.com/goreleaser/goreleaser/releases/download/v2.13.3/goreleaser_Linux_arm64.tar.gz"}
"platforms.linux-x64" = { checksum = "sha256:4b66f2f78f78561330350651ade557b70328664718490f37834749073af21d20", url = "https://github.com/goreleaser/goreleaser/releases/download/v2.13.3/goreleaser_Linux_x86_64.tar.gz"}
"platforms.macos-arm64" = { checksum = "sha256:5516c37779efb3935d5b213cda3b0b9025ae94ddbcb51df6919acbcdef4194b0", url = "https://github.com/goreleaser/goreleaser/releases/download/v2.13.3/goreleaser_Darwin_all.tar.gz"}
"platforms.macos-x64" = { checksum = "sha256:5516c37779efb3935d5b213cda3b0b9025ae94ddbcb51df6919acbcdef4194b0", url = "https://github.com/goreleaser/goreleaser/releases/download/v2.13.3/goreleaser_Darwin_all.tar.gz"}
"platforms.windows-x64" = { checksum = "sha256:c5586c4ed749ca358ad61ed73ee4b8039cfa68daae8c23e69fb086d549dfb31d", url = "https://github.com/goreleaser/goreleaser/releases/download/v2.13.3/goreleaser_Windows_x86_64.zip"}

[[tools.lefthook]]
version = "2.1.0"
backend = "aqua:evilmartians/lefthook"
"platforms.linux-arm64" = { checksum = "sha256:f8441d1c59937a9a7f153a0c873b37f6983a18e6704351e172c0f69ea5230109", url = "https://github.com/evilmartians/lefthook/releases/download/v2.1.0/lefthook_2.1.0_Linux_aarch64.gz"}
"platforms.linux-x64" = { checksum = "sha256:2c5a385098de3fe9a45eea404eb6284ffcc537ec27556772ccc6ba31879b4fca", url = "https://github.com/evilmartians/lefthook/releases/download/v2.1.0/lefthook_2.1.0_Linux_x86_64.gz"}
"platforms.macos-x64" = { checksum = "sha256:443e09f52f2dc1d5a06887ac4dfbf318e90726071df54b37208d52fa8aa6f099", url = "https://github.com/evilmartians/lefthook/releases/download/v2.1.0/lefthook_2.1.0_MacOS_x86_64.gz"}
"platforms.windows-x64" = { checksum = "sha256:4ca96d5cb30d07339770c6c97910b784e5e3c75524a1375dbf6bc5dbe51d72c3", url = "https://github.com/evilmartians/lefthook/releases/download/v2.1.0/lefthook_2.1.0_Windows_x86_64.gz"}
